// !$*UTF8*$!
{
	archiveVersion = 1;
	classes = {
	};
	objectVersion = 46;
	objects = {

/* Begin PBXBuildFile section */
		4B2A72B91D5826B1006A1C65 /* AppDelegate.swift in Sources */ = {isa = PBXBuildFile; fileRef = 4B2A72B81D5826B1006A1C65 /* AppDelegate.swift */; };
		4B2A72C01D5826B1006A1C65 /* Assets.xcassets in Resources */ = {isa = PBXBuildFile; fileRef = 4B2A72BF1D5826B1006A1C65 /* Assets.xcassets */; };
		4B2A72C31D5826B1006A1C65 /* LaunchScreen.storyboard in Resources */ = {isa = PBXBuildFile; fileRef = 4B2A72C11D5826B1006A1C65 /* LaunchScreen.storyboard */; };
		4B2A72E61D5826E1006A1C65 /* FriendVC.swift in Sources */ = {isa = PBXBuildFile; fileRef = 4B2A72CB1D5826E1006A1C65 /* FriendVC.swift */; };
		4B2A72E71D5826E1006A1C65 /* MainVC.swift in Sources */ = {isa = PBXBuildFile; fileRef = 4B2A72CC1D5826E1006A1C65 /* MainVC.swift */; };
		4B2A72E81D5826E1006A1C65 /* MeVC.swift in Sources */ = {isa = PBXBuildFile; fileRef = 4B2A72CD1D5826E1006A1C65 /* MeVC.swift */; };
		4B2A72E91D5826E1006A1C65 /* MsgVC.swift in Sources */ = {isa = PBXBuildFile; fileRef = 4B2A72CE1D5826E1006A1C65 /* MsgVC.swift */; };
		4B2A72EB1D5826E1006A1C65 /* find_tabbar@2x.png in Resources */ = {isa = PBXBuildFile; fileRef = 4B2A72D21D5826E1006A1C65 /* find_tabbar@2x.png */; };
		4B2A72EC1D5826E1006A1C65 /* find_tabbar@3x.png in Resources */ = {isa = PBXBuildFile; fileRef = 4B2A72D31D5826E1006A1C65 /* find_tabbar@3x.png */; };
		4B2A72ED1D5826E1006A1C65 /* find_tabbar_sel@2x.png in Resources */ = {isa = PBXBuildFile; fileRef = 4B2A72D41D5826E1006A1C65 /* find_tabbar_sel@2x.png */; };
		4B2A72EE1D5826E1006A1C65 /* find_tabbar_sel@3x.png in Resources */ = {isa = PBXBuildFile; fileRef = 4B2A72D51D5826E1006A1C65 /* find_tabbar_sel@3x.png */; };
		4B2A72EF1D5826E1006A1C65 /* friend_tabbar@2x.png in Resources */ = {isa = PBXBuildFile; fileRef = 4B2A72D61D5826E1006A1C65 /* friend_tabbar@2x.png */; };
		4B2A72F01D5826E1006A1C65 /* friend_tabbar@3x.png in Resources */ = {isa = PBXBuildFile; fileRef = 4B2A72D71D5826E1006A1C65 /* friend_tabbar@3x.png */; };
		4B2A72F11D5826E1006A1C65 /* friend_tabbar_sel@2x.png in Resources */ = {isa = PBXBuildFile; fileRef = 4B2A72D81D5826E1006A1C65 /* friend_tabbar_sel@2x.png */; };
		4B2A72F21D5826E1006A1C65 /* friend_tabbar_sel@3x.png in Resources */ = {isa = PBXBuildFile; fileRef = 4B2A72D91D5826E1006A1C65 /* friend_tabbar_sel@3x.png */; };
		4B2A72F31D5826E1006A1C65 /* home_tabbar@2x.png in Resources */ = {isa = PBXBuildFile; fileRef = 4B2A72DA1D5826E1006A1C65 /* home_tabbar@2x.png */; };
		4B2A72F41D5826E1006A1C65 /* home_tabbar@3x.png in Resources */ = {isa = PBXBuildFile; fileRef = 4B2A72DB1D5826E1006A1C65 /* home_tabbar@3x.png */; };
		4B2A72F51D5826E1006A1C65 /* home_tabbar_sel@2x.png in Resources */ = {isa = PBXBuildFile; fileRef = 4B2A72DC1D5826E1006A1C65 /* home_tabbar_sel@2x.png */; };
		4B2A72F61D5826E1006A1C65 /* home_tabbar_sel@3x.png in Resources */ = {isa = PBXBuildFile; fileRef = 4B2A72DD1D5826E1006A1C65 /* home_tabbar_sel@3x.png */; };
		4B2A72F71D5826E1006A1C65 /* me_tabbar@2x.png in Resources */ = {isa = PBXBuildFile; fileRef = 4B2A72DE1D5826E1006A1C65 /* me_tabbar@2x.png */; };
		4B2A72F81D5826E1006A1C65 /* me_tabbar@3x.png in Resources */ = {isa = PBXBuildFile; fileRef = 4B2A72DF1D5826E1006A1C65 /* me_tabbar@3x.png */; };
		4B2A72F91D5826E1006A1C65 /* me_tabbar_sel@2x.png in Resources */ = {isa = PBXBuildFile; fileRef = 4B2A72E01D5826E1006A1C65 /* me_tabbar_sel@2x.png */; };
		4B2A72FA1D5826E1006A1C65 /* me_tabbar_sel@3x.png in Resources */ = {isa = PBXBuildFile; fileRef = 4B2A72E11D5826E1006A1C65 /* me_tabbar_sel@3x.png */; };
		4B2A72FB1D5826E1006A1C65 /* msg_tabbar@2x.png in Resources */ = {isa = PBXBuildFile; fileRef = 4B2A72E21D5826E1006A1C65 /* msg_tabbar@2x.png */; };
		4B2A72FC1D5826E1006A1C65 /* msg_tabbar@3x.png in Resources */ = {isa = PBXBuildFile; fileRef = 4B2A72E31D5826E1006A1C65 /* msg_tabbar@3x.png */; };
		4B2A72FD1D5826E1006A1C65 /* msg_tabbar_sel@2x.png in Resources */ = {isa = PBXBuildFile; fileRef = 4B2A72E41D5826E1006A1C65 /* msg_tabbar_sel@2x.png */; };
		4B2A72FE1D5826E1006A1C65 /* msg_tabbar_sel@3x.png in Resources */ = {isa = PBXBuildFile; fileRef = 4B2A72E51D5826E1006A1C65 /* msg_tabbar_sel@3x.png */; };
		4B7C87A71D6195820099E1FA /* XHTabBar.swift in Sources */ = {isa = PBXBuildFile; fileRef = 4B7C87A61D6195820099E1FA /* XHTabBar.swift */; };
/* End PBXBuildFile section */

/* Begin PBXFileReference section */
		4B2A72B51D5826B1006A1C65 /* XHTabBarExampleSwift.app */ = {isa = PBXFileReference; explicitFileType = wrapper.application; includeInIndex = 0; path = XHTabBarExampleSwift.app; sourceTree = BUILT_PRODUCTS_DIR; };
		4B2A72B81D5826B1006A1C65 /* AppDelegate.swift */ = {isa = PBXFileReference; lastKnownFileType = sourcecode.swift; path = AppDelegate.swift; sourceTree = "<group>"; };
		4B2A72BF1D5826B1006A1C65 /* Assets.xcassets */ = {isa = PBXFileReference; lastKnownFileType = folder.assetcatalog; path = Assets.xcassets; sourceTree = "<group>"; };
		4B2A72C21D5826B1006A1C65 /* Base */ = {isa = PBXFileReference; lastKnownFileType = file.storyboard; name = Base; path = Base.lproj/LaunchScreen.storyboard; sourceTree = "<group>"; };
		4B2A72C41D5826B1006A1C65 /* Info.plist */ = {isa = PBXFileReference; lastKnownFileType = text.plist.xml; path = Info.plist; sourceTree = "<group>"; };
		4B2A72CB1D5826E1006A1C65 /* FriendVC.swift */ = {isa = PBXFileReference; fileEncoding = 4; lastKnownFileType = sourcecode.swift; path = FriendVC.swift; sourceTree = "<group>"; };
		4B2A72CC1D5826E1006A1C65 /* MainVC.swift */ = {isa = PBXFileReference; fileEncoding = 4; lastKnownFileType = sourcecode.swift; path = MainVC.swift; sourceTree = "<group>"; };
		4B2A72CD1D5826E1006A1C65 /* MeVC.swift */ = {isa = PBXFileReference; fileEncoding = 4; lastKnownFileType = sourcecode.swift; path = MeVC.swift; sourceTree = "<group>"; };
		4B2A72CE1D5826E1006A1C65 /* MsgVC.swift */ = {isa = PBXFileReference; fileEncoding = 4; lastKnownFileType = sourcecode.swift; path = MsgVC.swift; sourceTree = "<group>"; };
		4B2A72D21D5826E1006A1C65 /* find_tabbar@2x.png */ = {isa = PBXFileReference; lastKnownFileType = image.png; path = "find_tabbar@2x.png"; sourceTree = "<group>"; };
		4B2A72D31D5826E1006A1C65 /* find_tabbar@3x.png */ = {isa = PBXFileReference; lastKnownFileType = image.png; path = "find_tabbar@3x.png"; sourceTree = "<group>"; };
		4B2A72D41D5826E1006A1C65 /* find_tabbar_sel@2x.png */ = {isa = PBXFileReference; lastKnownFileType = image.png; path = "find_tabbar_sel@2x.png"; sourceTree = "<group>"; };
		4B2A72D51D5826E1006A1C65 /* find_tabbar_sel@3x.png */ = {isa = PBXFileReference; lastKnownFileType = image.png; path = "find_tabbar_sel@3x.png"; sourceTree = "<group>"; };
		4B2A72D61D5826E1006A1C65 /* friend_tabbar@2x.png */ = {isa = PBXFileReference; lastKnownFileType = image.png; path = "friend_tabbar@2x.png"; sourceTree = "<group>"; };
		4B2A72D71D5826E1006A1C65 /* friend_tabbar@3x.png */ = {isa = PBXFileReference; lastKnownFileType = image.png; path = "friend_tabbar@3x.png"; sourceTree = "<group>"; };
		4B2A72D81D5826E1006A1C65 /* friend_tabbar_sel@2x.png */ = {isa = PBXFileReference; lastKnownFileType = image.png; path = "friend_tabbar_sel@2x.png"; sourceTree = "<group>"; };
		4B2A72D91D5826E1006A1C65 /* friend_tabbar_sel@3x.png */ = {isa = PBXFileReference; lastKnownFileType = image.png; path = "friend_tabbar_sel@3x.png"; sourceTree = "<group>"; };
		4B2A72DA1D5826E1006A1C65 /* home_tabbar@2x.png */ = {isa = PBXFileReference; lastKnownFileType = image.png; path = "home_tabbar@2x.png"; sourceTree = "<group>"; };
		4B2A72DB1D5826E1006A1C65 /* home_tabbar@3x.png */ = {isa = PBXFileReference; lastKnownFileType = image.png; path = "home_tabbar@3x.png"; sourceTree = "<group>"; };
		4B2A72DC1D5826E1006A1C65 /* home_tabbar_sel@2x.png */ = {isa = PBXFileReference; lastKnownFileType = image.png; path = "home_tabbar_sel@2x.png"; sourceTree = "<group>"; };
		4B2A72DD1D5826E1006A1C65 /* home_tabbar_sel@3x.png */ = {isa = PBXFileReference; lastKnownFileType = image.png; path = "home_tabbar_sel@3x.png"; sourceTree = "<group>"; };
		4B2A72DE1D5826E1006A1C65 /* me_tabbar@2x.png */ = {isa = PBXFileReference; lastKnownFileType = image.png; path = "me_tabbar@2x.png"; sourceTree = "<group>"; };
		4B2A72DF1D5826E1006A1C65 /* me_tabbar@3x.png */ = {isa = PBXFileReference; lastKnownFileType = image.png; path = "me_tabbar@3x.png"; sourceTree = "<group>"; };
		4B2A72E01D5826E1006A1C65 /* me_tabbar_sel@2x.png */ = {isa = PBXFileReference; lastKnownFileType = image.png; path = "me_tabbar_sel@2x.png"; sourceTree = "<group>"; };
		4B2A72E11D5826E1006A1C65 /* me_tabbar_sel@3x.png */ = {isa = PBXFileReference; lastKnownFileType = image.png; path = "me_tabbar_sel@3x.png"; sourceTree = "<group>"; };
		4B2A72E21D5826E1006A1C65 /* msg_tabbar@2x.png */ = {isa = PBXFileReference; lastKnownFileType = image.png; path = "msg_tabbar@2x.png"; sourceTree = "<group>"; };
		4B2A72E31D5826E1006A1C65 /* msg_tabbar@3x.png */ = {isa = PBXFileReference; lastKnownFileType = image.png; path = "msg_tabbar@3x.png"; sourceTree = "<group>"; };
		4B2A72E41D5826E1006A1C65 /* msg_tabbar_sel@2x.png */ = {isa = PBXFileReference; lastKnownFileType = image.png; path = "msg_tabbar_sel@2x.png"; sourceTree = "<group>"; };
		4B2A72E51D5826E1006A1C65 /* msg_tabbar_sel@3x.png */ = {isa = PBXFileReference; lastKnownFileType = image.png; path = "msg_tabbar_sel@3x.png"; sourceTree = "<group>"; };
		4B7C87A61D6195820099E1FA /* XHTabBar.swift */ = {isa = PBXFileReference; fileEncoding = 4; lastKnownFileType = sourcecode.swift; path = XHTabBar.swift; sourceTree = "<group>"; };
/* End PBXFileReference section */

/* Begin PBXFrameworksBuildPhase section */
		4B2A72B21D5826B1006A1C65 /* Frameworks */ = {
			isa = PBXFrameworksBuildPhase;
			buildActionMask = 2147483647;
			files = (
			);
			runOnlyForDeploymentPostprocessing = 0;
		};
/* End PBXFrameworksBuildPhase section */

/* Begin PBXGroup section */
		4B2A72AC1D5826B0006A1C65 = {
			isa = PBXGroup;
			children = (
				4B2A72CA1D5826E1006A1C65 /* Classes */,
				4B7C87A51D6195820099E1FA /* XHTabBarSwift */,
				4B2A72D11D5826E1006A1C65 /* Image */,
				4B2A72B71D5826B1006A1C65 /* XHTabBarExampleSwift */,
				4B2A72B61D5826B1006A1C65 /* Products */,
			);
			sourceTree = "<group>";
		};
		4B2A72B61D5826B1006A1C65 /* Products */ = {
			isa = PBXGroup;
			children = (
				4B2A72B51D5826B1006A1C65 /* XHTabBarExampleSwift.app */,
			);
			name = Products;
			sourceTree = "<group>";
		};
		4B2A72B71D5826B1006A1C65 /* XHTabBarExampleSwift */ = {
			isa = PBXGroup;
			children = (
				4B2A72B81D5826B1006A1C65 /* AppDelegate.swift */,
				4B2A72BF1D5826B1006A1C65 /* Assets.xcassets */,
				4B2A72C11D5826B1006A1C65 /* LaunchScreen.storyboard */,
				4B2A72C41D5826B1006A1C65 /* Info.plist */,
			);
			path = XHTabBarExampleSwift;
			sourceTree = "<group>";
		};
		4B2A72CA1D5826E1006A1C65 /* Classes */ = {
			isa = PBXGroup;
			children = (
				4B2A72CC1D5826E1006A1C65 /* MainVC.swift */,
				4B2A72CB1D5826E1006A1C65 /* FriendVC.swift */,
				4B2A72CD1D5826E1006A1C65 /* MeVC.swift */,
				4B2A72CE1D5826E1006A1C65 /* MsgVC.swift */,
			);
			path = Classes;
			sourceTree = "<group>";
		};
		4B2A72D11D5826E1006A1C65 /* Image */ = {
			isa = PBXGroup;
			children = (
				4B2A72D21D5826E1006A1C65 /* find_tabbar@2x.png */,
				4B2A72D31D5826E1006A1C65 /* find_tabbar@3x.png */,
				4B2A72D41D5826E1006A1C65 /* find_tabbar_sel@2x.png */,
				4B2A72D51D5826E1006A1C65 /* find_tabbar_sel@3x.png */,
				4B2A72D61D5826E1006A1C65 /* friend_tabbar@2x.png */,
				4B2A72D71D5826E1006A1C65 /* friend_tabbar@3x.png */,
				4B2A72D81D5826E1006A1C65 /* friend_tabbar_sel@2x.png */,
				4B2A72D91D5826E1006A1C65 /* friend_tabbar_sel@3x.png */,
				4B2A72DA1D5826E1006A1C65 /* home_tabbar@2x.png */,
				4B2A72DB1D5826E1006A1C65 /* home_tabbar@3x.png */,
				4B2A72DC1D5826E1006A1C65 /* home_tabbar_sel@2x.png */,
				4B2A72DD1D5826E1006A1C65 /* home_tabbar_sel@3x.png */,
				4B2A72DE1D5826E1006A1C65 /* me_tabbar@2x.png */,
				4B2A72DF1D5826E1006A1C65 /* me_tabbar@3x.png */,
				4B2A72E01D5826E1006A1C65 /* me_tabbar_sel@2x.png */,
				4B2A72E11D5826E1006A1C65 /* me_tabbar_sel@3x.png */,
				4B2A72E21D5826E1006A1C65 /* msg_tabbar@2x.png */,
				4B2A72E31D5826E1006A1C65 /* msg_tabbar@3x.png */,
				4B2A72E41D5826E1006A1C65 /* msg_tabbar_sel@2x.png */,
				4B2A72E51D5826E1006A1C65 /* msg_tabbar_sel@3x.png */,
			);
			path = Image;
			sourceTree = "<group>";
		};
		4B7C87A51D6195820099E1FA /* XHTabBarSwift */ = {
			isa = PBXGroup;
			children = (
				4B7C87A61D6195820099E1FA /* XHTabBar.swift */,
			);
			path = XHTabBarSwift;
			sourceTree = "<group>";
		};
/* End PBXGroup section */

/* Begin PBXNativeTarget section */
		4B2A72B41D5826B1006A1C65 /* XHTabBarExampleSwift */ = {
			isa = PBXNativeTarget;
			buildConfigurationList = 4B2A72C71D5826B1006A1C65 /* Build configuration list for PBXNativeTarget "XHTabBarExampleSwift" */;
			buildPhases = (
				4B2A72B11D5826B1006A1C65 /* Sources */,
				4B2A72B21D5826B1006A1C65 /* Frameworks */,
				4B2A72B31D5826B1006A1C65 /* Resources */,
			);
			buildRules = (
			);
			dependencies = (
			);
			name = XHTabBarExampleSwift;
			productName = XHTabBarExampleSwift;
			productReference = 4B2A72B51D5826B1006A1C65 /* XHTabBarExampleSwift.app */;
			productType = "com.apple.product-type.application";
		};
/* End PBXNativeTarget section */

/* Begin PBXProject section */
		4B2A72AD1D5826B0006A1C65 /* Project object */ = {
			isa = PBXProject;
			attributes = {
				LastSwiftUpdateCheck = 0730;
				LastUpgradeCheck = 0800;
				ORGANIZATIONNAME = qiantou;
				TargetAttributes = {
					4B2A72B41D5826B1006A1C65 = {
						CreatedOnToolsVersion = 7.3.1;
						LastSwiftMigration = 0800;
					};
				};
			};
			buildConfigurationList = 4B2A72B01D5826B0006A1C65 /* Build configuration list for PBXProject "XHTabBarExampleSwift" */;
			compatibilityVersion = "Xcode 3.2";
			developmentRegion = English;
			hasScannedForEncodings = 0;
			knownRegions = (
				en,
				Base,
			);
			mainGroup = 4B2A72AC1D5826B0006A1C65;
			productRefGroup = 4B2A72B61D5826B1006A1C65 /* Products */;
			projectDirPath = "";
			projectRoot = "";
			targets = (
				4B2A72B41D5826B1006A1C65 /* XHTabBarExampleSwift */,
			);
		};
/* End PBXProject section */

/* Begin PBXResourcesBuildPhase section */
		4B2A72B31D5826B1006A1C65 /* Resources */ = {
			isa = PBXResourcesBuildPhase;
			buildActionMask = 2147483647;
			files = (
				4B2A72C31D5826B1006A1C65 /* LaunchScreen.storyboard in Resources */,
				4B2A72F61D5826E1006A1C65 /* home_tabbar_sel@3x.png in Resources */,
				4B2A72F01D5826E1006A1C65 /* friend_tabbar@3x.png in Resources */,
				4B2A72C01D5826B1006A1C65 /* Assets.xcassets in Resources */,
				4B2A72ED1D5826E1006A1C65 /* find_tabbar_sel@2x.png in Resources */,
				4B2A72F51D5826E1006A1C65 /* home_tabbar_sel@2x.png in Resources */,
				4B2A72FC1D5826E1006A1C65 /* msg_tabbar@3x.png in Resources */,
				4B2A72F81D5826E1006A1C65 /* me_tabbar@3x.png in Resources */,
				4B2A72FE1D5826E1006A1C65 /* msg_tabbar_sel@3x.png in Resources */,
				4B2A72EF1D5826E1006A1C65 /* friend_tabbar@2x.png in Resources */,
				4B2A72F91D5826E1006A1C65 /* me_tabbar_sel@2x.png in Resources */,
				4B2A72FA1D5826E1006A1C65 /* me_tabbar_sel@3x.png in Resources */,
				4B2A72EB1D5826E1006A1C65 /* find_tabbar@2x.png in Resources */,
				4B2A72F41D5826E1006A1C65 /* home_tabbar@3x.png in Resources */,
				4B2A72F71D5826E1006A1C65 /* me_tabbar@2x.png in Resources */,
				4B2A72F31D5826E1006A1C65 /* home_tabbar@2x.png in Resources */,
				4B2A72EC1D5826E1006A1C65 /* find_tabbar@3x.png in Resources */,
				4B2A72FD1D5826E1006A1C65 /* msg_tabbar_sel@2x.png in Resources */,
				4B2A72FB1D5826E1006A1C65 /* msg_tabbar@2x.png in Resources */,
				4B2A72EE1D5826E1006A1C65 /* find_tabbar_sel@3x.png in Resources */,
				4B2A72F21D5826E1006A1C65 /* friend_tabbar_sel@3x.png in Resources */,
				4B2A72F11D5826E1006A1C65 /* friend_tabbar_sel@2x.png in Resources */,
			);
			runOnlyForDeploymentPostprocessing = 0;
		};
/* End PBXResourcesBuildPhase section */

/* Begin PBXSourcesBuildPhase section */
		4B2A72B11D5826B1006A1C65 /* Sources */ = {
			isa = PBXSourcesBuildPhase;
			buildActionMask = 2147483647;
			files = (
				4B2A72E91D5826E1006A1C65 /* MsgVC.swift in Sources */,
				4B7C87A71D6195820099E1FA /* XHTabBar.swift in Sources */,
				4B2A72E81D5826E1006A1C65 /* MeVC.swift in Sources */,
				4B2A72E71D5826E1006A1C65 /* MainVC.swift in Sources */,
				4B2A72E61D5826E1006A1C65 /* FriendVC.swift in Sources */,
				4B2A72B91D5826B1006A1C65 /* AppDelegate.swift in Sources */,
			);
			runOnlyForDeploymentPostprocessing = 0;
		};
/* End PBXSourcesBuildPhase section */

/* Begin PBXVariantGroup section */
		4B2A72C11D5826B1006A1C65 /* LaunchScreen.storyboard */ = {
			isa = PBXVariantGroup;
			children = (
				4B2A72C21D5826B1006A1C65 /* Base */,
			);
			name = LaunchScreen.storyboard;
			sourceTree = "<group>";
		};
/* End PBXVariantGroup section */

/* Begin XCBuildConfiguration section */
		4B2A72C51D5826B1006A1C65 /* Debug */ = {
			isa = XCBuildConfiguration;
			buildSettings = {
				ALWAYS_SEARCH_USER_PATHS = NO;
				CLANG_ANALYZER_NONNULL = YES;
				CLANG_CXX_LANGUAGE_STANDARD = "gnu++0x";
				CLANG_CXX_LIBRARY = "libc++";
				CLANG_ENABLE_MODULES = YES;
				CLANG_ENABLE_OBJC_ARC = YES;
				CLANG_WARN_BOOL_CONVERSION = YES;
				CLANG_WARN_CONSTANT_CONVERSION = YES;
				CLANG_WARN_DIRECT_OBJC_ISA_USAGE = YES_ERROR;
				CLANG_WARN_EMPTY_BODY = YES;
				CLANG_WARN_ENUM_CONVERSION = YES;
				CLANG_WARN_INFINITE_RECURSION = YES;
				CLANG_WARN_INT_CONVERSION = YES;
				CLANG_WARN_OBJC_ROOT_CLASS = YES_ERROR;
				CLANG_WARN_SUSPICIOUS_MOVE = YES;
				CLANG_WARN_UNREACHABLE_CODE = YES;
				CLANG_WARN__DUPLICATE_METHOD_MATCH = YES;
				"CODE_SIGN_IDENTITY[sdk=iphoneos*]" = "iPhone Developer";
				COPY_PHASE_STRIP = NO;
				DEBUG_INFORMATION_FORMAT = dwarf;
				ENABLE_STRICT_OBJC_MSGSEND = YES;
				ENABLE_TESTABILITY = YES;
				GCC_C_LANGUAGE_STANDARD = gnu99;
				GCC_DYNAMIC_NO_PIC = NO;
				GCC_NO_COMMON_BLOCKS = YES;
				GCC_OPTIMIZATION_LEVEL = 0;
				GCC_PREPROCESSOR_DEFINITIONS = (
					"DEBUG=1",
					"$(inherited)",
				);
				GCC_WARN_64_TO_32_BIT_CONVERSION = YES;
				GCC_WARN_ABOUT_RETURN_TYPE = YES_ERROR;
				GCC_WARN_UNDECLARED_SELECTOR = YES;
				GCC_WARN_UNINITIALIZED_AUTOS = YES_AGGRESSIVE;
				GCC_WARN_UNUSED_FUNCTION = YES;
				GCC_WARN_UNUSED_VARIABLE = YES;
				IPHONEOS_DEPLOYMENT_TARGET = 8.0;
				MTL_ENABLE_DEBUG_INFO = YES;
				ONLY_ACTIVE_ARCH = YES;
				SDKROOT = iphoneos;
				SWIFT_OPTIMIZATION_LEVEL = "-Onone";
			};
			name = Debug;
		};
		4B2A72C61D5826B1006A1C65 /* Release */ = {
			isa = XCBuildConfiguration;
			buildSettings = {
				ALWAYS_SEARCH_USER_PATHS = NO;
				CLANG_ANALYZER_NONNULL = YES;
				CLANG_CXX_LANGUAGE_STANDARD = "gnu++0x";
				CLANG_CXX_LIBRARY = "libc++";
				CLANG_ENABLE_MODULES = YES;
				CLANG_ENABLE_OBJC_ARC = YES;
				CLANG_WARN_BOOL_CONVERSION = YES;
				CLANG_WARN_CONSTANT_CONVERSION = YES;
				CLANG_WARN_DIRECT_OBJC_ISA_USAGE = YES_ERROR;
				CLANG_WARN_EMPTY_BODY = YES;
				CLANG_WARN_ENUM_CONVERSION = YES;
				CLANG_WARN_INFINITE_RECURSION = YES;
				CLANG_WARN_INT_CONVERSION = YES;
				CLANG_WARN_OBJC_ROOT_CLASS = YES_ERROR;
				CLANG_WARN_SUSPICIOUS_MOVE = YES;
				CLANG_WARN_UNREACHABLE_CODE = YES;
				CLANG_WARN__DUPLICATE_METHOD_MATCH = YES;
				"CODE_SIGN_IDENTITY[sdk=iphoneos*]" = "iPhone Developer";
				COPY_PHASE_STRIP = NO;
				DEBUG_INFORMATION_FORMAT = "dwarf-with-dsym";
				ENABLE_NS_ASSERTIONS = NO;
				ENABLE_STRICT_OBJC_MSGSEND = YES;
				GCC_C_LANGUAGE_STANDARD = gnu99;
				GCC_NO_COMMON_BLOCKS = YES;
				GCC_WARN_64_TO_32_BIT_CONVERSION = YES;
				GCC_WARN_ABOUT_RETURN_TYPE = YES_ERROR;
				GCC_WARN_UNDECLARED_SELECTOR = YES;
				GCC_WARN_UNINITIALIZED_AUTOS = YES_AGGRESSIVE;
				GCC_WARN_UNUSED_FUNCTION = YES;
				GCC_WARN_UNUSED_VARIABLE = YES;
				IPHONEOS_DEPLOYMENT_TARGET = 8.0;
				MTL_ENABLE_DEBUG_INFO = NO;
				SDKROOT = iphoneos;
				SWIFT_OPTIMIZATION_LEVEL = "-Owholemodule";
				VALIDATE_PRODUCT = YES;
			};
			name = Release;
		};
		4B2A72C81D5826B1006A1C65 /* Debug */ = {
			isa = XCBuildConfiguration;
			buildSettings = {
				ASSETCATALOG_COMPILER_APPICON_NAME = AppIcon;
				DEVELOPMENT_TEAM = "";
				INFOPLIST_FILE = XHTabBarExampleSwift/Info.plist;
				LD_RUNPATH_SEARCH_PATHS = "$(inherited) @executable_path/Frameworks";
				PRODUCT_BUNDLE_IDENTIFIER = CoderZhuXH.XHTabBarExampleSwift;
				PRODUCT_NAME = "$(TARGET_NAME)";
				SWIFT_VERSION = 3.0;
			};
			name = Debug;
		};
		4B2A72C91D5826B1006A1C65 /* Release */ = {
			isa = XCBuildConfiguration;
			buildSettings = {
				ASSETCATALOG_COMPILER_APPICON_NAME = AppIcon;
				DEVELOPMENT_TEAM = "";
				INFOPLIST_FILE = XHTabBarExampleSwift/Info.plist;
				LD_RUNPATH_SEARCH_PATHS = "$(inherited) @executable_path/Frameworks";
				PRODUCT_BUNDLE_IDENTIFIER = CoderZhuXH.XHTabBarExampleSwift;
				PRODUCT_NAME = "$(TARGET_NAME)";
				SWIFT_VERSION = 3.0;
			};
			name = Release;
		};
/* End XCBuildConfiguration section */

/* Begin XCConfigurationList section */
		4B2A72B01D5826B0006A1C65 /* Build configuration list for PBXProject "XHTabBarExampleSwift" */ = {
			isa = XCConfigurationList;
			buildConfigurations = (
				4B2A72C51D5826B1006A1C65 /* Debug */,
				4B2A72C61D5826B1006A1C65 /* Release */,
			);
			defaultConfigurationIsVisible = 0;
			defaultConfigurationName = Release;
		};
		4B2A72C71D5826B1006A1C65 /* Build configuration list for PBXNativeTarget "XHTabBarExampleSwift" */ = {
			isa = XCConfigurationList;
			buildConfigurations = (
				4B2A72C81D5826B1006A1C65 /* Debug */,
				4B2A72C91D5826B1006A1C65 /* Release */,
			);
			defaultConfigurationIsVisible = 0;
			defaultConfigurationName = Release;
		};
/* End XCConfigurationList section */
	};
	rootObject = 4B2A72AD1D5826B0006A1C65 /* Project object */;
}
